// !$*UTF8*$!
{
	archiveVersion = 1;
	classes = {
	};
	objectVersion = 55;
	objects = {

/* Begin PBXBuildFile section */
		2E46654F81D54F20197F4977 /* Pods_spectrometer.framework in Frameworks */ = {isa = PBXBuildFile; fileRef = 829085C6940AB94349744823 /* Pods_spectrometer.framework */; };
		955FFF9F272A8C310041819C /* AppDelegate.swift in Sources */ = {isa = PBXBuildFile; fileRef = 955FFF9E272A8C310041819C /* AppDelegate.swift */; };
		955FFFA1272A8C310041819C /* SceneDelegate.swift in Sources */ = {isa = PBXBuildFile; fileRef = 955FFFA0272A8C310041819C /* SceneDelegate.swift */; };
		955FFFA3272A8C310041819C /* ViewController.swift in Sources */ = {isa = PBXBuildFile; fileRef = 955FFFA2272A8C310041819C /* ViewController.swift */; };
		955FFFA6272A8C310041819C /* Main.storyboard in Resources */ = {isa = PBXBuildFile; fileRef = 955FFFA4272A8C310041819C /* Main.storyboard */; };
		955FFFA8272A8C320041819C /* Assets.xcassets in Resources */ = {isa = PBXBuildFile; fileRef = 955FFFA7272A8C320041819C /* Assets.xcassets */; };
		955FFFAB272A8C320041819C /* LaunchScreen.storyboard in Resources */ = {isa = PBXBuildFile; fileRef = 955FFFA9272A8C320041819C /* LaunchScreen.storyboard */; };
		95C2D2F2272A913300B1E8FD /* CaptureManager.swift in Sources */ = {isa = PBXBuildFile; fileRef = 95C2D2F1272A913300B1E8FD /* CaptureManager.swift */; };
		95C2D2F4272A930700B1E8FD /* ImageProcessor.swift in Sources */ = {isa = PBXBuildFile; fileRef = 95C2D2F3272A930700B1E8FD /* ImageProcessor.swift */; };
		95C2D2F6272AC15500B1E8FD /* Util.swift in Sources */ = {isa = PBXBuildFile; fileRef = 95C2D2F5272AC15500B1E8FD /* Util.swift */; };
		95E174742732A34C001FBC77 /* OpenCVWrapper.mm in Sources */ = {isa = PBXBuildFile; fileRef = 95E1746B27329E94001FBC77 /* OpenCVWrapper.mm */; };
/* End PBXBuildFile section */

/* Begin PBXFileReference section */
		0FF0ABDF0574D5C3757834F7 /* Pods-spectrometer.release.xcconfig */ = {isa = PBXFileReference; includeInIndex = 1; lastKnownFileType = text.xcconfig; name = "Pods-spectrometer.release.xcconfig"; path = "Target Support Files/Pods-spectrometer/Pods-spectrometer.release.xcconfig"; sourceTree = "<group>"; };
		232E5C31F23572CF3187C8D5 /* Pods-spectrometer.debug.xcconfig */ = {isa = PBXFileReference; includeInIndex = 1; lastKnownFileType = text.xcconfig; name = "Pods-spectrometer.debug.xcconfig"; path = "Target Support Files/Pods-spectrometer/Pods-spectrometer.debug.xcconfig"; sourceTree = "<group>"; };
		829085C6940AB94349744823 /* Pods_spectrometer.framework */ = {isa = PBXFileReference; explicitFileType = wrapper.framework; includeInIndex = 0; path = Pods_spectrometer.framework; sourceTree = BUILT_PRODUCTS_DIR; };
		955FFF9B272A8C310041819C /* spectrometer.app */ = {isa = PBXFileReference; explicitFileType = wrapper.application; includeInIndex = 0; path = spectrometer.app; sourceTree = BUILT_PRODUCTS_DIR; };
		955FFF9E272A8C310041819C /* AppDelegate.swift */ = {isa = PBXFileReference; lastKnownFileType = sourcecode.swift; path = AppDelegate.swift; sourceTree = "<group>"; };
		955FFFA0272A8C310041819C /* SceneDelegate.swift */ = {isa = PBXFileReference; lastKnownFileType = sourcecode.swift; path = SceneDelegate.swift; sourceTree = "<group>"; };
		955FFFA2272A8C310041819C /* ViewController.swift */ = {isa = PBXFileReference; lastKnownFileType = sourcecode.swift; path = ViewController.swift; sourceTree = "<group>"; };
		955FFFA5272A8C310041819C /* Base */ = {isa = PBXFileReference; lastKnownFileType = file.storyboard; name = Base; path = Base.lproj/Main.storyboard; sourceTree = "<group>"; };
		955FFFA7272A8C320041819C /* Assets.xcassets */ = {isa = PBXFileReference; lastKnownFileType = folder.assetcatalog; path = Assets.xcassets; sourceTree = "<group>"; };
		955FFFAA272A8C320041819C /* Base */ = {isa = PBXFileReference; lastKnownFileType = file.storyboard; name = Base; path = Base.lproj/LaunchScreen.storyboard; sourceTree = "<group>"; };
		955FFFAC272A8C320041819C /* Info.plist */ = {isa = PBXFileReference; lastKnownFileType = text.plist.xml; path = Info.plist; sourceTree = "<group>"; };
		95C2D2F1272A913300B1E8FD /* CaptureManager.swift */ = {isa = PBXFileReference; lastKnownFileType = sourcecode.swift; path = CaptureManager.swift; sourceTree = "<group>"; };
		95C2D2F3272A930700B1E8FD /* ImageProcessor.swift */ = {isa = PBXFileReference; lastKnownFileType = sourcecode.swift; path = ImageProcessor.swift; sourceTree = "<group>"; };
		95C2D2F5272AC15500B1E8FD /* Util.swift */ = {isa = PBXFileReference; lastKnownFileType = sourcecode.swift; path = Util.swift; sourceTree = "<group>"; };
		95E1746A27329E26001FBC77 /* bridging-header.h */ = {isa = PBXFileReference; lastKnownFileType = sourcecode.c.h; path = "bridging-header.h"; sourceTree = "<group>"; };
		95E1746B27329E94001FBC77 /* OpenCVWrapper.mm */ = {isa = PBXFileReference; lastKnownFileType = sourcecode.cpp.objcpp; path = OpenCVWrapper.mm; sourceTree = "<group>"; };
		95E1746C27329E94001FBC77 /* OpenCVWrapper.h */ = {isa = PBXFileReference; lastKnownFileType = sourcecode.c.h; path = OpenCVWrapper.h; sourceTree = "<group>"; };
/* End PBXFileReference section */

/* Begin PBXFrameworksBuildPhase section */
		955FFF98272A8C310041819C /* Frameworks */ = {
			isa = PBXFrameworksBuildPhase;
			buildActionMask = 2147483647;
			files = (
				2E46654F81D54F20197F4977 /* Pods_spectrometer.framework in Frameworks */,
			);
			runOnlyForDeploymentPostprocessing = 0;
		};
/* End PBXFrameworksBuildPhase section */

/* Begin PBXGroup section */
		04D98A8AC40378F0B96CE827 /* Pods */ = {
			isa = PBXGroup;
			children = (
				232E5C31F23572CF3187C8D5 /* Pods-spectrometer.debug.xcconfig */,
				0FF0ABDF0574D5C3757834F7 /* Pods-spectrometer.release.xcconfig */,
			);
			path = Pods;
			sourceTree = "<group>";
		};
		955FFF92272A8C310041819C = {
			isa = PBXGroup;
			children = (
				95C2D2F0272A911B00B1E8FD /* camera */,
				95E1746927329DF5001FBC77 /* cv */,
				955FFF9D272A8C310041819C /* spectrometer */,
				955FFF9C272A8C310041819C /* Products */,
				AAE5A96347F47A89115676DA /* Frameworks */,
				04D98A8AC40378F0B96CE827 /* Pods */,
			);
			sourceTree = "<group>";
		};
		955FFF9C272A8C310041819C /* Products */ = {
			isa = PBXGroup;
			children = (
				955FFF9B272A8C310041819C /* spectrometer.app */,
			);
			name = Products;
			sourceTree = "<group>";
		};
		955FFF9D272A8C310041819C /* spectrometer */ = {
			isa = PBXGroup;
			children = (
				95C2D2F5272AC15500B1E8FD /* Util.swift */,
				955FFF9E272A8C310041819C /* AppDelegate.swift */,
				955FFFA0272A8C310041819C /* SceneDelegate.swift */,
				955FFFA2272A8C310041819C /* ViewController.swift */,
				955FFFA4272A8C310041819C /* Main.storyboard */,
				955FFFA7272A8C320041819C /* Assets.xcassets */,
				955FFFA9272A8C320041819C /* LaunchScreen.storyboard */,
				955FFFAC272A8C320041819C /* Info.plist */,
			);
			path = spectrometer;
			sourceTree = "<group>";
		};
		95C2D2F0272A911B00B1E8FD /* camera */ = {
			isa = PBXGroup;
			children = (
				95C2D2F1272A913300B1E8FD /* CaptureManager.swift */,
			);
			path = camera;
			sourceTree = "<group>";
		};
		95E1746927329DF5001FBC77 /* cv */ = {
			isa = PBXGroup;
			children = (
				95C2D2F3272A930700B1E8FD /* ImageProcessor.swift */,
				95E1746C27329E94001FBC77 /* OpenCVWrapper.h */,
				95E1746B27329E94001FBC77 /* OpenCVWrapper.mm */,
				95E1746A27329E26001FBC77 /* bridging-header.h */,
			);
			path = cv;
			sourceTree = "<group>";
		};
		AAE5A96347F47A89115676DA /* Frameworks */ = {
			isa = PBXGroup;
			children = (
				829085C6940AB94349744823 /* Pods_spectrometer.framework */,
			);
			name = Frameworks;
			sourceTree = "<group>";
		};
/* End PBXGroup section */

/* Begin PBXNativeTarget section */
		955FFF9A272A8C310041819C /* spectrometer */ = {
			isa = PBXNativeTarget;
			buildConfigurationList = 955FFFAF272A8C320041819C /* Build configuration list for PBXNativeTarget "spectrometer" */;
			buildPhases = (
				CCE19B211FCB5605A41DADEC /* [CP] Check Pods Manifest.lock */,
				955FFF97272A8C310041819C /* Sources */,
				955FFF98272A8C310041819C /* Frameworks */,
				955FFF99272A8C310041819C /* Resources */,
			);
			buildRules = (
			);
			dependencies = (
			);
			name = spectrometer;
			productName = spectrometer;
			productReference = 955FFF9B272A8C310041819C /* spectrometer.app */;
			productType = "com.apple.product-type.application";
		};
/* End PBXNativeTarget section */

/* Begin PBXProject section */
		955FFF93272A8C310041819C /* Project object */ = {
			isa = PBXProject;
			attributes = {
				BuildIndependentTargetsInParallel = 1;
				LastSwiftUpdateCheck = 1310;
				LastUpgradeCheck = 1310;
				TargetAttributes = {
					955FFF9A272A8C310041819C = {
						CreatedOnToolsVersion = 13.1;
					};
				};
			};
			buildConfigurationList = 955FFF96272A8C310041819C /* Build configuration list for PBXProject "spectrometer" */;
			compatibilityVersion = "Xcode 13.0";
			developmentRegion = en;
			hasScannedForEncodings = 0;
			knownRegions = (
				en,
				Base,
			);
			mainGroup = 955FFF92272A8C310041819C;
			productRefGroup = 955FFF9C272A8C310041819C /* Products */;
			projectDirPath = "";
			projectRoot = "";
			targets = (
				955FFF9A272A8C310041819C /* spectrometer */,
			);
		};
/* End PBXProject section */

/* Begin PBXResourcesBuildPhase section */
		955FFF99272A8C310041819C /* Resources */ = {
			isa = PBXResourcesBuildPhase;
			buildActionMask = 2147483647;
			files = (
				955FFFAB272A8C320041819C /* LaunchScreen.storyboard in Resources */,
				955FFFA8272A8C320041819C /* Assets.xcassets in Resources */,
				955FFFA6272A8C310041819C /* Main.storyboard in Resources */,
			);
			runOnlyForDeploymentPostprocessing = 0;
		};
/* End PBXResourcesBuildPhase section */

/* Begin PBXShellScriptBuildPhase section */
		CCE19B211FCB5605A41DADEC /* [CP] Check Pods Manifest.lock */ = {
			isa = PBXShellScriptBuildPhase;
			buildActionMask = 2147483647;
			files = (
			);
			inputFileListPaths = (
			);
			inputPaths = (
				"${PODS_PODFILE_DIR_PATH}/Podfile.lock",
				"${PODS_ROOT}/Manifest.lock",
			);
			name = "[CP] Check Pods Manifest.lock";
			outputFileListPaths = (
			);
			outputPaths = (
				"$(DERIVED_FILE_DIR)/Pods-spectrometer-checkManifestLockResult.txt",
			);
			runOnlyForDeploymentPostprocessing = 0;
			shellPath = /bin/sh;
			shellScript = "diff \"${PODS_PODFILE_DIR_PATH}/Podfile.lock\" \"${PODS_ROOT}/Manifest.lock\" > /dev/null\nif [ $? != 0 ] ; then\n    # print error to STDERR\n    echo \"error: The sandbox is not in sync with the Podfile.lock. Run 'pod install' or update your CocoaPods installation.\" >&2\n    exit 1\nfi\n# This output is used by Xcode 'outputs' to avoid re-running this script phase.\necho \"SUCCESS\" > \"${SCRIPT_OUTPUT_FILE_0}\"\n";
			showEnvVarsInLog = 0;
		};
/* End PBXShellScriptBuildPhase section */

/* Begin PBXSourcesBuildPhase section */
		955FFF97272A8C310041819C /* Sources */ = {
			isa = PBXSourcesBuildPhase;
			buildActionMask = 2147483647;
			files = (
				95E174742732A34C001FBC77 /* OpenCVWrapper.mm in Sources */,
				955FFFA3272A8C310041819C /* ViewController.swift in Sources */,
				955FFF9F272A8C310041819C /* AppDelegate.swift in Sources */,
				95C2D2F4272A930700B1E8FD /* ImageProcessor.swift in Sources */,
				95C2D2F6272AC15500B1E8FD /* Util.swift in Sources */,
				95C2D2F2272A913300B1E8FD /* CaptureManager.swift in Sources */,
				955FFFA1272A8C310041819C /* SceneDelegate.swift in Sources */,
			);
			runOnlyForDeploymentPostprocessing = 0;
		};
/* End PBXSourcesBuildPhase section */

/* Begin PBXVariantGroup section */
		955FFFA4272A8C310041819C /* Main.storyboard */ = {
			isa = PBXVariantGroup;
			children = (
				955FFFA5272A8C310041819C /* Base */,
			);
			name = Main.storyboard;
			sourceTree = "<group>";
		};
		955FFFA9272A8C320041819C /* LaunchScreen.storyboard */ = {
			isa = PBXVariantGroup;
			children = (
				955FFFAA272A8C320041819C /* Base */,
			);
			name = LaunchScreen.storyboard;
			sourceTree = "<group>";
		};
/* End PBXVariantGroup section */

/* Begin XCBuildConfiguration section */
		955FFFAD272A8C320041819C /* Debug */ = {
			isa = XCBuildConfiguration;
			buildSettings = {
				ALWAYS_SEARCH_USER_PATHS = NO;
				CLANG_ANALYZER_NONNULL = YES;
				CLANG_ANALYZER_NUMBER_OBJECT_CONVERSION = YES_AGGRESSIVE;
				CLANG_CXX_LANGUAGE_STANDARD = "gnu++17";
				CLANG_CXX_LIBRARY = "libc++";
				CLANG_ENABLE_MODULES = YES;
				CLANG_ENABLE_OBJC_ARC = YES;
				CLANG_ENABLE_OBJC_WEAK = YES;
				CLANG_WARN_BLOCK_CAPTURE_AUTORELEASING = YES;
				CLANG_WARN_BOOL_CONVERSION = YES;
				CLANG_WARN_COMMA = YES;
				CLANG_WARN_CONSTANT_CONVERSION = YES;
				CLANG_WARN_DEPRECATED_OBJC_IMPLEMENTATIONS = YES;
				CLANG_WARN_DIRECT_OBJC_ISA_USAGE = YES_ERROR;
				CLANG_WARN_DOCUMENTATION_COMMENTS = YES;
				CLANG_WARN_EMPTY_BODY = YES;
				CLANG_WARN_ENUM_CONVERSION = YES;
				CLANG_WARN_INFINITE_RECURSION = YES;
				CLANG_WARN_INT_CONVERSION = YES;
				CLANG_WARN_NON_LITERAL_NULL_CONVERSION = YES;
				CLANG_WARN_OBJC_IMPLICIT_RETAIN_SELF = YES;
				CLANG_WARN_OBJC_LITERAL_CONVERSION = YES;
				CLANG_WARN_OBJC_ROOT_CLASS = YES_ERROR;
				CLANG_WARN_QUOTED_INCLUDE_IN_FRAMEWORK_HEADER = YES;
				CLANG_WARN_RANGE_LOOP_ANALYSIS = YES;
				CLANG_WARN_STRICT_PROTOTYPES = YES;
				CLANG_WARN_SUSPICIOUS_MOVE = YES;
				CLANG_WARN_UNGUARDED_AVAILABILITY = YES_AGGRESSIVE;
				CLANG_WARN_UNREACHABLE_CODE = YES;
				CLANG_WARN__DUPLICATE_METHOD_MATCH = YES;
				COPY_PHASE_STRIP = NO;
				DEBUG_INFORMATION_FORMAT = dwarf;
				ENABLE_STRICT_OBJC_MSGSEND = YES;
				ENABLE_TESTABILITY = YES;
				GCC_C_LANGUAGE_STANDARD = gnu11;
				GCC_DYNAMIC_NO_PIC = NO;
				GCC_NO_COMMON_BLOCKS = YES;
				GCC_OPTIMIZATION_LEVEL = 0;
				GCC_PREPROCESSOR_DEFINITIONS = (
					"DEBUG=1",
					"$(inherited)",
				);
				GCC_WARN_64_TO_32_BIT_CONVERSION = YES;
				GCC_WARN_ABOUT_RETURN_TYPE = YES_ERROR;
				GCC_WARN_UNDECLARED_SELECTOR = YES;
				GCC_WARN_UNINITIALIZED_AUTOS = YES_AGGRESSIVE;
				GCC_WARN_UNUSED_FUNCTION = YES;
				GCC_WARN_UNUSED_VARIABLE = YES;
				IPHONEOS_DEPLOYMENT_TARGET = 15.0;
				MTL_ENABLE_DEBUG_INFO = INCLUDE_SOURCE;
				MTL_FAST_MATH = YES;
				ONLY_ACTIVE_ARCH = YES;
				SDKROOT = iphoneos;
				SWIFT_ACTIVE_COMPILATION_CONDITIONS = DEBUG;
				SWIFT_OPTIMIZATION_LEVEL = "-Onone";
			};
			name = Debug;
		};
		955FFFAE272A8C320041819C /* Release */ = {
			isa = XCBuildConfiguration;
			buildSettings = {
				ALWAYS_SEARCH_USER_PATHS = NO;
				CLANG_ANALYZER_NONNULL = YES;
				CLANG_ANALYZER_NUMBER_OBJECT_CONVERSION = YES_AGGRESSIVE;
				CLANG_CXX_LANGUAGE_STANDARD = "gnu++17";
				CLANG_CXX_LIBRARY = "libc++";
				CLANG_ENABLE_MODULES = YES;
				CLANG_ENABLE_OBJC_ARC = YES;
				CLANG_ENABLE_OBJC_WEAK = YES;
				CLANG_WARN_BLOCK_CAPTURE_AUTORELEASING = YES;
				CLANG_WARN_BOOL_CONVERSION = YES;
				CLANG_WARN_COMMA = YES;
				CLANG_WARN_CONSTANT_CONVERSION = YES;
				CLANG_WARN_DEPRECATED_OBJC_IMPLEMENTATIONS = YES;
				CLANG_WARN_DIRECT_OBJC_ISA_USAGE = YES_ERROR;
				CLANG_WARN_DOCUMENTATION_COMMENTS = YES;
				CLANG_WARN_EMPTY_BODY = YES;
				CLANG_WARN_ENUM_CONVERSION = YES;
				CLANG_WARN_INFINITE_RECURSION = YES;
				CLANG_WARN_INT_CONVERSION = YES;
				CLANG_WARN_NON_LITERAL_NULL_CONVERSION = YES;
				CLANG_WARN_OBJC_IMPLICIT_RETAIN_SELF = YES;
				CLANG_WARN_OBJC_LITERAL_CONVERSION = YES;
				CLANG_WARN_OBJC_ROOT_CLASS = YES_ERROR;
				CLANG_WARN_QUOTED_INCLUDE_IN_FRAMEWORK_HEADER = YES;
				CLANG_WARN_RANGE_LOOP_ANALYSIS = YES;
				CLANG_WARN_STRICT_PROTOTYPES = YES;
				CLANG_WARN_SUSPICIOUS_MOVE = YES;
				CLANG_WARN_UNGUARDED_AVAILABILITY = YES_AGGRESSIVE;
				CLANG_WARN_UNREACHABLE_CODE = YES;
				CLANG_WARN__DUPLICATE_METHOD_MATCH = YES;
				COPY_PHASE_STRIP = NO;
				DEBUG_INFORMATION_FORMAT = "dwarf-with-dsym";
				ENABLE_NS_ASSERTIONS = NO;
				ENABLE_STRICT_OBJC_MSGSEND = YES;
				GCC_C_LANGUAGE_STANDARD = gnu11;
				GCC_NO_COMMON_BLOCKS = YES;
				GCC_WARN_64_TO_32_BIT_CONVERSION = YES;
				GCC_WARN_ABOUT_RETURN_TYPE = YES_ERROR;
				GCC_WARN_UNDECLARED_SELECTOR = YES;
				GCC_WARN_UNINITIALIZED_AUTOS = YES_AGGRESSIVE;
				GCC_WARN_UNUSED_FUNCTION = YES;
				GCC_WARN_UNUSED_VARIABLE = YES;
				IPHONEOS_DEPLOYMENT_TARGET = 15.0;
				MTL_ENABLE_DEBUG_INFO = NO;
				MTL_FAST_MATH = YES;
				SDKROOT = iphoneos;
				SWIFT_COMPILATION_MODE = wholemodule;
				SWIFT_OPTIMIZATION_LEVEL = "-O";
				VALIDATE_PRODUCT = YES;
			};
			name = Release;
		};
		955FFFB0272A8C320041819C /* Debug */ = {
			isa = XCBuildConfiguration;
			baseConfigurationReference = 232E5C31F23572CF3187C8D5 /* Pods-spectrometer.debug.xcconfig */;
			buildSettings = {
				ASSETCATALOG_COMPILER_APPICON_NAME = AppIcon;
				ASSETCATALOG_COMPILER_GLOBAL_ACCENT_COLOR_NAME = AccentColor;
				CODE_SIGN_STYLE = Automatic;
				CURRENT_PROJECT_VERSION = 1;
				DEVELOPMENT_TEAM = 4KW62DXD85;
				GENERATE_INFOPLIST_FILE = YES;
				INFOPLIST_FILE = spectrometer/Info.plist;
				INFOPLIST_KEY_CFBundleDisplayName = Spectrometer;
				INFOPLIST_KEY_UIApplicationSupportsIndirectInputEvents = YES;
				INFOPLIST_KEY_UILaunchStoryboardName = LaunchScreen;
				INFOPLIST_KEY_UIMainStoryboardFile = Main;
				INFOPLIST_KEY_UISupportedInterfaceOrientations = UIInterfaceOrientationPortrait;
				INFOPLIST_KEY_UISupportedInterfaceOrientations_iPad = "UIInterfaceOrientationPortrait UIInterfaceOrientationPortraitUpsideDown UIInterfaceOrientationLandscapeLeft UIInterfaceOrientationLandscapeRight";
				INFOPLIST_KEY_UISupportedInterfaceOrientations_iPhone = "UIInterfaceOrientationPortrait UIInterfaceOrientationLandscapeLeft UIInterfaceOrientationLandscapeRight";
				IPHONEOS_DEPLOYMENT_TARGET = 13.0;
				LD_RUNPATH_SEARCH_PATHS = (
					"$(inherited)",
					"@executable_path/Frameworks",
				);
				MARKETING_VERSION = 1.0;
				PRODUCT_BUNDLE_IDENTIFIER = io.lightray.spectrometer;
				PRODUCT_NAME = "$(TARGET_NAME)";
				SWIFT_EMIT_LOC_STRINGS = YES;
				SWIFT_OBJC_BRIDGING_HEADER = "cv/bridging-header.h";
				SWIFT_VERSION = 5.0;
				TARGETED_DEVICE_FAMILY = "1,2";
			};
			name = Debug;
		};
		955FFFB1272A8C320041819C /* Release */ = {
			isa = XCBuildConfiguration;
			baseConfigurationReference = 0FF0ABDF0574D5C3757834F7 /* Pods-spectrometer.release.xcconfig */;
			buildSettings = {
				ASSETCATALOG_COMPILER_APPICON_NAME = AppIcon;
				ASSETCATALOG_COMPILER_GLOBAL_ACCENT_COLOR_NAME = AccentColor;
				CODE_SIGN_STYLE = Automatic;
				CURRENT_PROJECT_VERSION = 1;
				DEVELOPMENT_TEAM = 4KW62DXD85;
				GENERATE_INFOPLIST_FILE = YES;
				INFOPLIST_FILE = spectrometer/Info.plist;
				INFOPLIST_KEY_CFBundleDisplayName = Spectrometer;
				INFOPLIST_KEY_UIApplicationSupportsIndirectInputEvents = YES;
				INFOPLIST_KEY_UILaunchStoryboardName = LaunchScreen;
				INFOPLIST_KEY_UIMainStoryboardFile = Main;
				INFOPLIST_KEY_UISupportedInterfaceOrientations = UIInterfaceOrientationPortrait;
				INFOPLIST_KEY_UISupportedInterfaceOrientations_iPad = "UIInterfaceOrientationPortrait UIInterfaceOrientationPortraitUpsideDown UIInterfaceOrientationLandscapeLeft UIInterfaceOrientationLandscapeRight";
				INFOPLIST_KEY_UISupportedInterfaceOrientations_iPhone = "UIInterfaceOrientationPortrait UIInterfaceOrientationLandscapeLeft UIInterfaceOrientationLandscapeRight";
				IPHONEOS_DEPLOYMENT_TARGET = 13.0;
				LD_RUNPATH_SEARCH_PATHS = (
					"$(inherited)",
					"@executable_path/Frameworks",
				);
				MARKETING_VERSION = 1.0;
				PRODUCT_BUNDLE_IDENTIFIER = io.lightray.spectrometer;
				PRODUCT_NAME = "$(TARGET_NAME)";
				SWIFT_EMIT_LOC_STRINGS = YES;
				SWIFT_OBJC_BRIDGING_HEADER = "cv/bridging-header.h";
				SWIFT_VERSION = 5.0;
				TARGETED_DEVICE_FAMILY = "1,2";
			};
			name = Release;
		};
/* End XCBuildConfiguration section */

/* Begin XCConfigurationList section */
		955FFF96272A8C310041819C /* Build configuration list for PBXProject "spectrometer" */ = {
			isa = XCConfigurationList;
			buildConfigurations = (
				955FFFAD272A8C320041819C /* Debug */,
				955FFFAE272A8C320041819C /* Release */,
			);
			defaultConfigurationIsVisible = 0;
			defaultConfigurationName = Release;
		};
		955FFFAF272A8C320041819C /* Build configuration list for PBXNativeTarget "spectrometer" */ = {
			isa = XCConfigurationList;
			buildConfigurations = (
				955FFFB0272A8C320041819C /* Debug */,
				955FFFB1272A8C320041819C /* Release */,
			);
			defaultConfigurationIsVisible = 0;
			defaultConfigurationName = Release;
		};
/* End XCConfigurationList section */
	};
	rootObject = 955FFF93272A8C310041819C /* Project object */;
}
